
Microsoft Visual Studio Solution File, Format Version 12.00
# Visual Studio Version 17
VisualStudioVersion = 17.9.34616.47
MinimumVisualStudioVersion = 10.0.40219.1
Project("{FAE04EC0-301F-11D3-BF4B-00C04F79EFBC}") = "PersonalRegister", "PersonalRegister.csproj", "{F657972D-7567-4067-8371-FD42C4CF4195}"
EndProject
Global
	GlobalSection(SolutionConfigurationPlatforms) = preSolution
		Debug|Any CPU = Debug|Any CPU
		Release|Any CPU = Release|Any CPU
	EndGlobalSection
	GlobalSection(ProjectConfigurationPlatforms) = postSolution
		{F657972D-7567-4067-8371-FD42C4CF4195}.Debug|Any CPU.ActiveCfg = Debug|Any CPU
		{F657972D-7567-4067-8371-FD42C4CF4195}.Debug|Any CPU.Build.0 = Debug|Any CPU
		{F657972D-7567-4067-8371-FD42C4CF4195}.Release|Any CPU.ActiveCfg = Release|Any CPU
		{F657972D-7567-4067-8371-FD42C4CF4195}.Release|Any CPU.Build.0 = Release|Any CPU
	EndGlobalSection
	GlobalSection(SolutionProperties) = preSolution
		HideSolutionNode = FALSE
	EndGlobalSection
	GlobalSection(ExtensibilityGlobals) = postSolution
		SolutionGuid = {8BB4190D-48AC-4FD0-B922-6BE775DA726E}
	EndGlobalSection
EndGlobal
